
Microsoft Visual Studio Solution File, Format Version 12.00
# Visual Studio Version 17
VisualStudioVersion = 17.11.35327.3
MinimumVisualStudioVersion = 10.0.40219.1
Project("{FAE04EC0-301F-11D3-BF4B-00C04F79EFBC}") = "PetGrooming_Management_System", "PetGrooming_Management_System.csproj", "{ED6900B7-3855-4E07-8A6D-9993B2CB96B4}"
EndProject
Global
	GlobalSection(SolutionConfigurationPlatforms) = preSolution
		Debug|Any CPU = Debug|Any CPU
		Release|Any CPU = Release|Any CPU
	EndGlobalSection
	GlobalSection(ProjectConfigurationPlatforms) = postSolution
		{ED6900B7-3855-4E07-8A6D-9993B2CB96B4}.Debug|Any CPU.ActiveCfg = Debug|Any CPU
		{ED6900B7-3855-4E07-8A6D-9993B2CB96B4}.Debug|Any CPU.Build.0 = Debug|Any CPU
		{ED6900B7-3855-4E07-8A6D-9993B2CB96B4}.Release|Any CPU.ActiveCfg = Release|Any CPU
		{ED6900B7-3855-4E07-8A6D-9993B2CB96B4}.Release|Any CPU.Build.0 = Release|Any CPU
	EndGlobalSection
	GlobalSection(SolutionProperties) = preSolution
		HideSolutionNode = FALSE
	EndGlobalSection
	GlobalSection(ExtensibilityGlobals) = postSolution
		SolutionGuid = {C8D07345-C17C-440F-A6D0-5C98C53D65B1}
	EndGlobalSection
EndGlobal
